
Microsoft Visual Studio Solution File, Format Version 12.00
# Visual Studio Version 16
VisualStudioVersion = 16.0.29609.76
MinimumVisualStudioVersion = 10.0.40219.1
Project("{8BC9CEB8-8B4A-11D0-8D11-00A0C91BC942}") = "tema5-apelare-externa-cu-cmd", "tema5-apelare-externa-cu-cmd.vcxproj", "{F039510E-8A2C-4568-BA28-DC55D25231F7}"
EndProject
Global
	GlobalSection(SolutionConfigurationPlatforms) = preSolution
		Debug|x64 = Debug|x64
		Debug|x86 = Debug|x86
		Release|x64 = Release|x64
		Release|x86 = Release|x86
	EndGlobalSection
	GlobalSection(ProjectConfigurationPlatforms) = postSolution
		{F039510E-8A2C-4568-BA28-DC55D25231F7}.Debug|x64.ActiveCfg = Debug|x64
		{F039510E-8A2C-4568-BA28-DC55D25231F7}.Debug|x64.Build.0 = Debug|x64
		{F039510E-8A2C-4568-BA28-DC55D25231F7}.Debug|x86.ActiveCfg = Debug|Win32
		{F039510E-8A2C-4568-BA28-DC55D25231F7}.Debug|x86.Build.0 = Debug|Win32
		{F039510E-8A2C-4568-BA28-DC55D25231F7}.Release|x64.ActiveCfg = Release|x64
		{F039510E-8A2C-4568-BA28-DC55D25231F7}.Release|x64.Build.0 = Release|x64
		{F039510E-8A2C-4568-BA28-DC55D25231F7}.Release|x86.ActiveCfg = Release|Win32
		{F039510E-8A2C-4568-BA28-DC55D25231F7}.Release|x86.Build.0 = Release|Win32
	EndGlobalSection
	GlobalSection(SolutionProperties) = preSolution
		HideSolutionNode = FALSE
	EndGlobalSection
	GlobalSection(ExtensibilityGlobals) = postSolution
		SolutionGuid = {603F85AC-A385-49A9-8380-3A5AA6513AD1}
	EndGlobalSection
EndGlobal
